// !$*UTF8*$!
{
	archiveVersion = 1;
	classes = {
	};
	objectVersion = 50;
	objects = {

/* Begin PBXBuildFile section */
		163E1852217F827400A54A48 /* ApprovalTests_iOS.framework in Frameworks */ = {isa = PBXBuildFile; fileRef = 163E1849217F827400A54A48 /* ApprovalTests_iOS.framework */; };
		163E1859217F827400A54A48 /* ApprovalTests_iOS.h in Headers */ = {isa = PBXBuildFile; fileRef = 163E184B217F827400A54A48 /* ApprovalTests_iOS.h */; settings = {ATTRIBUTES = (Public, ); }; };
		163E1864217F84BE00A54A48 /* FileApprover.swift in Sources */ = {isa = PBXBuildFile; fileRef = 97308F282AC7547A5A3278BB /* FileApprover.swift */; };
		163E1865217F84BE00A54A48 /* ApprovalFailureReporter.swift in Sources */ = {isa = PBXBuildFile; fileRef = 973085D5FB753938543FDA7C /* ApprovalFailureReporter.swift */; };
		163E1866217F84BE00A54A48 /* ApprovalWriter.swift in Sources */ = {isa = PBXBuildFile; fileRef = 973088485E8B1D043616B220 /* ApprovalWriter.swift */; };
		163E1867217F84BE00A54A48 /* ApprovalNamer.swift in Sources */ = {isa = PBXBuildFile; fileRef = 97308B0163F571871E65B39A /* ApprovalNamer.swift */; };
		163E1868217F84BE00A54A48 /* Namer.swift in Sources */ = {isa = PBXBuildFile; fileRef = 973086013CD2288DC3DE9F4E /* Namer.swift */; };
		163E186B217F84BE00A54A48 /* ReporterFactory.swift in Sources */ = {isa = PBXBuildFile; fileRef = 9730820AFFF03C5745F45021 /* ReporterFactory.swift */; };
		163E186D217F84BE00A54A48 /* CwlDemangle.swift in Sources */ = {isa = PBXBuildFile; fileRef = 97308B6D486609330CC17CB0 /* CwlDemangle.swift */; };
		163E186F217F84BE00A54A48 /* StringUtils.swift in Sources */ = {isa = PBXBuildFile; fileRef = 973086C8511ED6F6F2F50094 /* StringUtils.swift */; };
		163E1870217F84BE00A54A48 /* ApprovalTextWriter.swift in Sources */ = {isa = PBXBuildFile; fileRef = 97308FC331B73ECB0A9BA7EE /* ApprovalTextWriter.swift */; };
		163E1871217F84BE00A54A48 /* CombinationApprovals.swift in Sources */ = {isa = PBXBuildFile; fileRef = 973085B841308DD129EF2C02 /* CombinationApprovals.swift */; };
		163E187E217FA98200A54A48 /* ApprovalApprover.swift in Sources */ = {isa = PBXBuildFile; fileRef = 97308FAD567B1657AE7671D0 /* ApprovalApprover.swift */; };
		163E1883217FAAC800A54A48 /* Approvals.swift in Sources */ = {isa = PBXBuildFile; fileRef = 97308BBAF1CDE277460537C7 /* Approvals.swift */; };
		163E1884217FB49800A54A48 /* TestReporter.swift in Sources */ = {isa = PBXBuildFile; fileRef = 973084FDA2BB35BA2CA5DC70 /* TestReporter.swift */; };
		163E1885217FB4A200A54A48 /* CombinationTests.swift in Sources */ = {isa = PBXBuildFile; fileRef = 9730821C2686EF2FBA95FAEE /* CombinationTests.swift */; };
		163E1886217FB4B700A54A48 /* SampleArrayTests.swift in Sources */ = {isa = PBXBuildFile; fileRef = 97308657C3B3CEFB291EEBBD /* SampleArrayTests.swift */; };
		163E1887217FB4C800A54A48 /* ApprovalsTests.swift in Sources */ = {isa = PBXBuildFile; fileRef = 97308D241492E13CB5BF5866 /* ApprovalsTests.swift */; };
		163E1888217FB4E500A54A48 /* Samples.swift in Sources */ = {isa = PBXBuildFile; fileRef = 97308BE497F4102343464B3C /* Samples.swift */; };
		163E188C218018E100A54A48 /* XCTest.framework in Frameworks */ = {isa = PBXBuildFile; fileRef = 163E188B218018E100A54A48 /* XCTest.framework */; };
		168C962E216023F9008F354C /* ApprovalTests_Swift.framework in Frameworks */ = {isa = PBXBuildFile; fileRef = 168C9624216023F9008F354C /* ApprovalTests_Swift.framework */; };
		168C9633216023F9008F354C /* ApprovalTests_SwiftTests.swift in Sources */ = {isa = PBXBuildFile; fileRef = 168C9632216023F9008F354C /* ApprovalTests_SwiftTests.swift */; };
		168C9635216023F9008F354C /* ApprovalTests_Swift.h in Headers */ = {isa = PBXBuildFile; fileRef = 168C9627216023F9008F354C /* ApprovalTests_Swift.h */; settings = {ATTRIBUTES = (Public, ); }; };
		48B6BF54262906DD00B956A4 /* ApprovalTests_SwiftTests.swift in Sources */ = {isa = PBXBuildFile; fileRef = 168C9632216023F9008F354C /* ApprovalTests_SwiftTests.swift */; };
		48B6BF6126290C2700B956A4 /* FirstWorkingReporter.swift in Sources */ = {isa = PBXBuildFile; fileRef = BB17059F97E2ED858F9C9A2F /* FirstWorkingReporter.swift */; };
		48B6BF7726290E2500B956A4 /* OptionsTests.swift in Sources */ = {isa = PBXBuildFile; fileRef = BB170DC8AAB0910AD476210C /* OptionsTests.swift */; };
		48B6BF7826290E2500B956A4 /* OptionsTests.swift in Sources */ = {isa = PBXBuildFile; fileRef = BB170DC8AAB0910AD476210C /* OptionsTests.swift */; };
		48B6BF9126293D5400B956A4 /* ReporterTests.swift in Sources */ = {isa = PBXBuildFile; fileRef = BB17064685A20DAA7CFE6421 /* ReporterTests.swift */; };
		48DFED4C262E64290036E160 /* ScrubbersTests.swift in Sources */ = {isa = PBXBuildFile; fileRef = BB170BAAFF8A9EFB75598942 /* ScrubbersTests.swift */; };
		48DFED4D262E642A0036E160 /* ScrubbersTests.swift in Sources */ = {isa = PBXBuildFile; fileRef = BB170BAAFF8A9EFB75598942 /* ScrubbersTests.swift */; };
		48FD0FA6264B864F00623323 /* GenericDiffReporterIOS.swift in Sources */ = {isa = PBXBuildFile; fileRef = BB1700198EEF7F2B448074E8 /* GenericDiffReporterIOS.swift */; };
		48FD0FAC264B865300623323 /* GenericDiffReporter.swift in Sources */ = {isa = PBXBuildFile; fileRef = BB1705F1B761A7E6263D8FFB /* GenericDiffReporter.swift */; };
		9730813D4772C7FCA170E0EA /* ApprovalWriter.swift in Sources */ = {isa = PBXBuildFile; fileRef = 973088485E8B1D043616B220 /* ApprovalWriter.swift */; };
		973081B984AC2F9B66D19D7F /* ApprovalsTests.swift in Sources */ = {isa = PBXBuildFile; fileRef = 97308D241492E13CB5BF5866 /* ApprovalsTests.swift */; };
		9730846152DA8E5EC7A1170F /* Namer.swift in Sources */ = {isa = PBXBuildFile; fileRef = 973086013CD2288DC3DE9F4E /* Namer.swift */; };
		973084968FAC2B7E4FA2620F /* ApprovalFailureReporter.swift in Sources */ = {isa = PBXBuildFile; fileRef = 973085D5FB753938543FDA7C /* ApprovalFailureReporter.swift */; };
		973084EC01FAAC43432D75C3 /* TestReporter.swift in Sources */ = {isa = PBXBuildFile; fileRef = 973084FDA2BB35BA2CA5DC70 /* TestReporter.swift */; };
		97308597E60FDC87E7ED7453 /* CombinationApprovals.swift in Sources */ = {isa = PBXBuildFile; fileRef = 973085B841308DD129EF2C02 /* CombinationApprovals.swift */; };
		973086311B135BA1E44E28B3 /* SampleArrayTests.swift in Sources */ = {isa = PBXBuildFile; fileRef = 97308657C3B3CEFB291EEBBD /* SampleArrayTests.swift */; };
		97308702B176EBB5F0A8D932 /* StringUtils.swift in Sources */ = {isa = PBXBuildFile; fileRef = 973086C8511ED6F6F2F50094 /* StringUtils.swift */; };
		973087A01B5F30E6D1CB585D /* ApprovalTextWriter.swift in Sources */ = {isa = PBXBuildFile; fileRef = 97308FC331B73ECB0A9BA7EE /* ApprovalTextWriter.swift */; };
		9730887714C23132E12F08DF /* ApprovalNamer.swift in Sources */ = {isa = PBXBuildFile; fileRef = 97308B0163F571871E65B39A /* ApprovalNamer.swift */; };
		97308953E0DAF2007A0AEA43 /* FileApprover.swift in Sources */ = {isa = PBXBuildFile; fileRef = 97308F282AC7547A5A3278BB /* FileApprover.swift */; };
		97308AE5D7992BFA4749DDC7 /* ReporterFactory.swift in Sources */ = {isa = PBXBuildFile; fileRef = 9730820AFFF03C5745F45021 /* ReporterFactory.swift */; };
		97308E0EDC9DA6E224FBAAC7 /* ApprovalApprover.swift in Sources */ = {isa = PBXBuildFile; fileRef = 97308FAD567B1657AE7671D0 /* ApprovalApprover.swift */; };
		97308F8A36EB85A6CFDF5C78 /* Approvals.swift in Sources */ = {isa = PBXBuildFile; fileRef = 97308BBAF1CDE277460537C7 /* Approvals.swift */; };
		97308F929CF27A617D272BCA /* Samples.swift in Sources */ = {isa = PBXBuildFile; fileRef = 97308BE497F4102343464B3C /* Samples.swift */; };
		97308F937FDF58C96E108DE4 /* CombinationTests.swift in Sources */ = {isa = PBXBuildFile; fileRef = 9730821C2686EF2FBA95FAEE /* CombinationTests.swift */; };
		97308FF1569559F04D5ACAED /* CwlDemangle.swift in Sources */ = {isa = PBXBuildFile; fileRef = 97308B6D486609330CC17CB0 /* CwlDemangle.swift */; };
		BB17001927AF3FBB44EB00AA /* FirstWorkingReporter.swift in Sources */ = {isa = PBXBuildFile; fileRef = BB17059F97E2ED858F9C9A2F /* FirstWorkingReporter.swift */; };
		BB17003FDDE7E5E6AC29C8C4 /* ReportMoveCommandToClipboard.swift in Sources */ = {isa = PBXBuildFile; fileRef = BB170BD5F95C651D0A332123 /* ReportMoveCommandToClipboard.swift */; };
		BB1700BEA64E5553DECC0A6F /* GenericDiffReporter.swift in Sources */ = {isa = PBXBuildFile; fileRef = BB1705F1B761A7E6263D8FFB /* GenericDiffReporter.swift */; };
		BB1701081A81B0B15E271256 /* TestSetupTests.swift in Sources */ = {isa = PBXBuildFile; fileRef = BB1705F8B220353ECE8102B0 /* TestSetupTests.swift */; };
		BB1701908E6AD828958295FF /* TestFailer.swift in Sources */ = {isa = PBXBuildFile; fileRef = BB17051531693F6FC252F7DF /* TestFailer.swift */; };
		BB1702CC0E11C261EEA5D889 /* TestFailer.swift in Sources */ = {isa = PBXBuildFile; fileRef = BB17051531693F6FC252F7DF /* TestFailer.swift */; };
		BB17030411282D1203B9BFF6 /* ReportWithDiffTool.swift in Sources */ = {isa = PBXBuildFile; fileRef = BB1701DBF0B6E0AD00A62DDD /* ReportWithDiffTool.swift */; };
		BB170328E32BD1B280211D80 /* ReportByCallingScript.swift in Sources */ = {isa = PBXBuildFile; fileRef = BB1705B9C16FF40144A3AC52 /* ReportByCallingScript.swift */; };
		BB1704AD2E598DDE7364EEEA /* NetUtils.swift in Sources */ = {isa = PBXBuildFile; fileRef = BB170EF94A9CEE9D2A038041 /* NetUtils.swift */; };
		BB1704E7E6A9EF2621DF755B /* Options.swift in Sources */ = {isa = PBXBuildFile; fileRef = BB170F2E5E36C79487539555 /* Options.swift */; };
		BB17050D1CB42D26415F09D6 /* Options.swift in Sources */ = {isa = PBXBuildFile; fileRef = BB170F2E5E36C79487539555 /* Options.swift */; };
		BB1705210A44C7B2D8D4BCF0 /* NetUtils.swift in Sources */ = {isa = PBXBuildFile; fileRef = BB170EF94A9CEE9D2A038041 /* NetUtils.swift */; };
		BB1705BAFF1D3484001623D3 /* ScrubDates.swift in Sources */ = {isa = PBXBuildFile; fileRef = BB170B4E08B1BA83D2E5E201 /* ScrubDates.swift */; };
		BB1705BD1C2CEECB5F9674DF /* ScrubNothing.swift in Sources */ = {isa = PBXBuildFile; fileRef = BB1700D4E088787C48D2EA63 /* ScrubNothing.swift */; };
		BB17060F3B36CE199DDF034D /* ReportContentsWithXCTest.swift in Sources */ = {isa = PBXBuildFile; fileRef = BB170EB6027F20F1764F9EF4 /* ReportContentsWithXCTest.swift */; };
		BB17067D87D9EFBE29AF0CF1 /* ReportWithDiffTool.swift in Sources */ = {isa = PBXBuildFile; fileRef = BB1701DBF0B6E0AD00A62DDD /* ReportWithDiffTool.swift */; };
		BB1706D0B12712EB693FA222 /* TestSetup.swift in Sources */ = {isa = PBXBuildFile; fileRef = BB17051DA6037ED58B6A29A3 /* TestSetup.swift */; };
		BB17070A6881417FE68D5156 /* SystemUtils.swift in Sources */ = {isa = PBXBuildFile; fileRef = BB170A69DD1A71C2E2A023E7 /* SystemUtils.swift */; };
		BB170735AEB3FF2A966B2670 /* ScrubDates.swift in Sources */ = {isa = PBXBuildFile; fileRef = BB170B4E08B1BA83D2E5E201 /* ScrubDates.swift */; };
		BB17078180CE0797EE88E7D4 /* ReporterFactoryTests.swift in Sources */ = {isa = PBXBuildFile; fileRef = BB17016A18A40B0D9FFC03E0 /* ReporterFactoryTests.swift */; };
		BB170785D01DD8502B5130E1 /* ScrubWithRegExWithReplacementAliasing.swift in Sources */ = {isa = PBXBuildFile; fileRef = BB170E5ED77EF744D7F2D311 /* ScrubWithRegExWithReplacementAliasing.swift */; };
		BB1707B50E22A8C58F5A3563 /* ReporterFactoryTests.swift in Sources */ = {isa = PBXBuildFile; fileRef = BB17016A18A40B0D9FFC03E0 /* ReporterFactoryTests.swift */; };
		BB17082BCD15B0EC24818BB6 /* ReportWithEverything.swift in Sources */ = {isa = PBXBuildFile; fileRef = BB170ABF2255D4F0B1D59D15 /* ReportWithEverything.swift */; };
		BB170834EB534E8522C61F95 /* ExecutableQuery.swift in Sources */ = {isa = PBXBuildFile; fileRef = BB170DCFB6F009A8073F8C69 /* ExecutableQuery.swift */; };
		BB1708557C9CC88CA569503E /* VariousReporters.swift in Sources */ = {isa = PBXBuildFile; fileRef = BB170F8F083E3D6B5172BF7A /* VariousReporters.swift */; };
		BB17091A9C60F6653944C673 /* Scrubber.swift in Sources */ = {isa = PBXBuildFile; fileRef = BB170FF2F8319026C4E149FF /* Scrubber.swift */; };
		BB17092C827110A024C37290 /* ScrubWithRegEx.swift in Sources */ = {isa = PBXBuildFile; fileRef = BB170E78802A85D68B77CAA0 /* ScrubWithRegEx.swift */; };
		BB1709DEFFE6129029D2E405 /* SystemUtils.swift in Sources */ = {isa = PBXBuildFile; fileRef = BB170A69DD1A71C2E2A023E7 /* SystemUtils.swift */; };
		BB170B23B4B633C2A1740C43 /* ReportByOpeningReceivedFile.swift in Sources */ = {isa = PBXBuildFile; fileRef = BB170FA3E48957CD9F09940C /* ReportByOpeningReceivedFile.swift */; };
		BB170B666CED34E67E36EB1C /* ReportMoveCommandToClipboard.swift in Sources */ = {isa = PBXBuildFile; fileRef = BB170BD5F95C651D0A332123 /* ReportMoveCommandToClipboard.swift */; };
		BB170C2F89553360BB7D93DE /* TestSetup.swift in Sources */ = {isa = PBXBuildFile; fileRef = BB17051DA6037ED58B6A29A3 /* TestSetup.swift */; };
		BB170C6E8500DD54788F22AC /* ReportContentsWithXCTest.swift in Sources */ = {isa = PBXBuildFile; fileRef = BB170EB6027F20F1764F9EF4 /* ReportContentsWithXCTest.swift */; };
		BB170CAAE3C02DCE74BC4555 /* ScrubWithRegExWithReplacementAliasing.swift in Sources */ = {isa = PBXBuildFile; fileRef = BB170E5ED77EF744D7F2D311 /* ScrubWithRegExWithReplacementAliasing.swift */; };
		BB170CC9A14AD34695481E74 /* ReportByCallingScript.swift in Sources */ = {isa = PBXBuildFile; fileRef = BB1705B9C16FF40144A3AC52 /* ReportByCallingScript.swift */; };
		BB170CCEA1FCAC1D1490EB06 /* ScrubNothing.swift in Sources */ = {isa = PBXBuildFile; fileRef = BB1700D4E088787C48D2EA63 /* ScrubNothing.swift */; };
		BB170D510FCEB3E5C338FCF0 /* GenericDiffReporterBase.swift in Sources */ = {isa = PBXBuildFile; fileRef = BB1708EE2DD2D75D24452A4F /* GenericDiffReporterBase.swift */; };
		BB170DC9538E09528B1564BB /* ExecutableReporter.swift in Sources */ = {isa = PBXBuildFile; fileRef = BB170C818D93ED50B092E659 /* ExecutableReporter.swift */; };
		BB170DCF03123E17CD8049F9 /* VariousReporters.swift in Sources */ = {isa = PBXBuildFile; fileRef = BB170F8F083E3D6B5172BF7A /* VariousReporters.swift */; };
		BB170DD606509A7F5AA1321E /* ReporterTests.swift in Sources */ = {isa = PBXBuildFile; fileRef = BB17064685A20DAA7CFE6421 /* ReporterTests.swift */; };
		BB170E346922548F2216AEA2 /* ReportByOpeningReceivedFile.swift in Sources */ = {isa = PBXBuildFile; fileRef = BB170FA3E48957CD9F09940C /* ReportByOpeningReceivedFile.swift */; };
		BB170E455F9D597F98E2147D /* GenericDiffReporterIOS.swift in Sources */ = {isa = PBXBuildFile; fileRef = BB1700198EEF7F2B448074E8 /* GenericDiffReporterIOS.swift */; };
		BB170ECA78B7A7F62CF1784B /* ScrubWithRegEx.swift in Sources */ = {isa = PBXBuildFile; fileRef = BB170E78802A85D68B77CAA0 /* ScrubWithRegEx.swift */; };
		BB170F1D5D24E5B93365060D /* ReportWithEverything.swift in Sources */ = {isa = PBXBuildFile; fileRef = BB170ABF2255D4F0B1D59D15 /* ReportWithEverything.swift */; };
		BB170F1E0EF85F10A44587DD /* Scrubber.swift in Sources */ = {isa = PBXBuildFile; fileRef = BB170FF2F8319026C4E149FF /* Scrubber.swift */; };
		BB170F60FA4B4AE0DFE75605 /* ExecutableQuery.swift in Sources */ = {isa = PBXBuildFile; fileRef = BB170DCFB6F009A8073F8C69 /* ExecutableQuery.swift */; };
		BB170F90162446909479E0CB /* ExecutableReporter.swift in Sources */ = {isa = PBXBuildFile; fileRef = BB170C818D93ED50B092E659 /* ExecutableReporter.swift */; };
		BB170FB920D68002B14C4A5A /* TestSetupTests.swift in Sources */ = {isa = PBXBuildFile; fileRef = BB1705F8B220353ECE8102B0 /* TestSetupTests.swift */; };
		BB170FF2D7989206C9C2C463 /* GenericDiffReporterBase.swift in Sources */ = {isa = PBXBuildFile; fileRef = BB1708EE2DD2D75D24452A4F /* GenericDiffReporterBase.swift */; };
/* End PBXBuildFile section */

/* Begin PBXContainerItemProxy section */
		163E1853217F827400A54A48 /* PBXContainerItemProxy */ = {
			isa = PBXContainerItemProxy;
			containerPortal = 168C961B216023F8008F354C /* Project object */;
			proxyType = 1;
			remoteGlobalIDString = 163E1848217F827400A54A48;
			remoteInfo = ApprovalTests_iOS;
		};
		168C962F216023F9008F354C /* PBXContainerItemProxy */ = {
			isa = PBXContainerItemProxy;
			containerPortal = 168C961B216023F8008F354C /* Project object */;
			proxyType = 1;
			remoteGlobalIDString = 168C9623216023F9008F354C;
			remoteInfo = ApprovalTests.Swift;
		};
/* End PBXContainerItemProxy section */

/* Begin PBXFileReference section */
		163E1849217F827400A54A48 /* ApprovalTests_iOS.framework */ = {isa = PBXFileReference; explicitFileType = wrapper.framework; includeInIndex = 0; path = ApprovalTests_iOS.framework; sourceTree = BUILT_PRODUCTS_DIR; };
		163E184B217F827400A54A48 /* ApprovalTests_iOS.h */ = {isa = PBXFileReference; lastKnownFileType = sourcecode.c.h; path = ApprovalTests_iOS.h; sourceTree = "<group>"; };
		163E184C217F827400A54A48 /* Info.plist */ = {isa = PBXFileReference; lastKnownFileType = text.plist.xml; path = Info.plist; sourceTree = "<group>"; };
		163E1851217F827400A54A48 /* ApprovalTests_iOSTests.xctest */ = {isa = PBXFileReference; explicitFileType = wrapper.cfbundle; includeInIndex = 0; path = ApprovalTests_iOSTests.xctest; sourceTree = BUILT_PRODUCTS_DIR; };
		163E1858217F827400A54A48 /* Info.plist */ = {isa = PBXFileReference; lastKnownFileType = text.plist.xml; path = Info.plist; sourceTree = "<group>"; };
		163E188B218018E100A54A48 /* XCTest.framework */ = {isa = PBXFileReference; lastKnownFileType = wrapper.framework; name = XCTest.framework; path = Platforms/iPhoneOS.platform/Developer/Library/Frameworks/XCTest.framework; sourceTree = DEVELOPER_DIR; };
		168C9624216023F9008F354C /* ApprovalTests_Swift.framework */ = {isa = PBXFileReference; explicitFileType = wrapper.framework; includeInIndex = 0; path = ApprovalTests_Swift.framework; sourceTree = BUILT_PRODUCTS_DIR; };
		168C9627216023F9008F354C /* ApprovalTests_Swift.h */ = {isa = PBXFileReference; lastKnownFileType = sourcecode.c.h; path = ApprovalTests_Swift.h; sourceTree = "<group>"; };
		168C9628216023F9008F354C /* Info.plist */ = {isa = PBXFileReference; lastKnownFileType = text.plist.xml; path = Info.plist; sourceTree = "<group>"; };
		168C962D216023F9008F354C /* ApprovalTests_SwiftTests.xctest */ = {isa = PBXFileReference; explicitFileType = wrapper.cfbundle; includeInIndex = 0; path = ApprovalTests_SwiftTests.xctest; sourceTree = BUILT_PRODUCTS_DIR; };
		168C9632216023F9008F354C /* ApprovalTests_SwiftTests.swift */ = {isa = PBXFileReference; lastKnownFileType = sourcecode.swift; path = ApprovalTests_SwiftTests.swift; sourceTree = "<group>"; };
		168C9634216023F9008F354C /* Info.plist */ = {isa = PBXFileReference; lastKnownFileType = text.plist.xml; path = Info.plist; sourceTree = "<group>"; };
		489094C2279132C000DC7E60 /* iOSApprovalsWatcher.py */ = {isa = PBXFileReference; lastKnownFileType = text.script.python; path = iOSApprovalsWatcher.py; sourceTree = "<group>"; };
		48B6BFF42629519600B956A4 /* XcodeWarnings.xcconfig */ = {isa = PBXFileReference; lastKnownFileType = text.xcconfig; path = XcodeWarnings.xcconfig; sourceTree = "<group>"; };
		9730820AFFF03C5745F45021 /* ReporterFactory.swift */ = {isa = PBXFileReference; fileEncoding = 4; lastKnownFileType = sourcecode.swift; path = ReporterFactory.swift; sourceTree = "<group>"; };
		9730821C2686EF2FBA95FAEE /* CombinationTests.swift */ = {isa = PBXFileReference; fileEncoding = 4; lastKnownFileType = sourcecode.swift; path = CombinationTests.swift; sourceTree = "<group>"; };
		973084FDA2BB35BA2CA5DC70 /* TestReporter.swift */ = {isa = PBXFileReference; fileEncoding = 4; lastKnownFileType = sourcecode.swift; path = TestReporter.swift; sourceTree = "<group>"; };
		973085B841308DD129EF2C02 /* CombinationApprovals.swift */ = {isa = PBXFileReference; fileEncoding = 4; lastKnownFileType = sourcecode.swift; path = CombinationApprovals.swift; sourceTree = "<group>"; };
		973085D5FB753938543FDA7C /* ApprovalFailureReporter.swift */ = {isa = PBXFileReference; fileEncoding = 4; lastKnownFileType = sourcecode.swift; path = ApprovalFailureReporter.swift; sourceTree = "<group>"; };
		973086013CD2288DC3DE9F4E /* Namer.swift */ = {isa = PBXFileReference; fileEncoding = 4; lastKnownFileType = sourcecode.swift; path = Namer.swift; sourceTree = "<group>"; };
		97308657C3B3CEFB291EEBBD /* SampleArrayTests.swift */ = {isa = PBXFileReference; fileEncoding = 4; lastKnownFileType = sourcecode.swift; path = SampleArrayTests.swift; sourceTree = "<group>"; };
		973086C8511ED6F6F2F50094 /* StringUtils.swift */ = {isa = PBXFileReference; fileEncoding = 4; lastKnownFileType = sourcecode.swift; path = StringUtils.swift; sourceTree = "<group>"; };
		973088485E8B1D043616B220 /* ApprovalWriter.swift */ = {isa = PBXFileReference; fileEncoding = 4; lastKnownFileType = sourcecode.swift; path = ApprovalWriter.swift; sourceTree = "<group>"; };
		97308B0163F571871E65B39A /* ApprovalNamer.swift */ = {isa = PBXFileReference; fileEncoding = 4; lastKnownFileType = sourcecode.swift; path = ApprovalNamer.swift; sourceTree = "<group>"; };
		97308B6D486609330CC17CB0 /* CwlDemangle.swift */ = {isa = PBXFileReference; fileEncoding = 4; lastKnownFileType = sourcecode.swift; path = CwlDemangle.swift; sourceTree = "<group>"; };
		97308BBAF1CDE277460537C7 /* Approvals.swift */ = {isa = PBXFileReference; fileEncoding = 4; lastKnownFileType = sourcecode.swift; path = Approvals.swift; sourceTree = "<group>"; };
		97308BE497F4102343464B3C /* Samples.swift */ = {isa = PBXFileReference; fileEncoding = 4; lastKnownFileType = sourcecode.swift; path = Samples.swift; sourceTree = "<group>"; };
		97308D241492E13CB5BF5866 /* ApprovalsTests.swift */ = {isa = PBXFileReference; fileEncoding = 4; lastKnownFileType = sourcecode.swift; path = ApprovalsTests.swift; sourceTree = "<group>"; };
		97308F282AC7547A5A3278BB /* FileApprover.swift */ = {isa = PBXFileReference; fileEncoding = 4; lastKnownFileType = sourcecode.swift; path = FileApprover.swift; sourceTree = "<group>"; };
		97308FAD567B1657AE7671D0 /* ApprovalApprover.swift */ = {isa = PBXFileReference; fileEncoding = 4; lastKnownFileType = sourcecode.swift; path = ApprovalApprover.swift; sourceTree = "<group>"; };
		97308FC331B73ECB0A9BA7EE /* ApprovalTextWriter.swift */ = {isa = PBXFileReference; fileEncoding = 4; lastKnownFileType = sourcecode.swift; path = ApprovalTextWriter.swift; sourceTree = "<group>"; };
		BB1700198EEF7F2B448074E8 /* GenericDiffReporterIOS.swift */ = {isa = PBXFileReference; fileEncoding = 4; lastKnownFileType = sourcecode.swift; path = GenericDiffReporterIOS.swift; sourceTree = "<group>"; };
		BB1700D4E088787C48D2EA63 /* ScrubNothing.swift */ = {isa = PBXFileReference; fileEncoding = 4; lastKnownFileType = sourcecode.swift; path = ScrubNothing.swift; sourceTree = "<group>"; };
		BB17016A18A40B0D9FFC03E0 /* ReporterFactoryTests.swift */ = {isa = PBXFileReference; fileEncoding = 4; lastKnownFileType = sourcecode.swift; path = ReporterFactoryTests.swift; sourceTree = "<group>"; };
		BB1701DBF0B6E0AD00A62DDD /* ReportWithDiffTool.swift */ = {isa = PBXFileReference; fileEncoding = 4; lastKnownFileType = sourcecode.swift; path = ReportWithDiffTool.swift; sourceTree = "<group>"; };
		BB17051531693F6FC252F7DF /* TestFailer.swift */ = {isa = PBXFileReference; fileEncoding = 4; lastKnownFileType = sourcecode.swift; path = TestFailer.swift; sourceTree = "<group>"; };
		BB17051DA6037ED58B6A29A3 /* TestSetup.swift */ = {isa = PBXFileReference; fileEncoding = 4; lastKnownFileType = sourcecode.swift; path = TestSetup.swift; sourceTree = "<group>"; };
		BB17059F97E2ED858F9C9A2F /* FirstWorkingReporter.swift */ = {isa = PBXFileReference; fileEncoding = 4; lastKnownFileType = sourcecode.swift; path = FirstWorkingReporter.swift; sourceTree = "<group>"; };
		BB1705B9C16FF40144A3AC52 /* ReportByCallingScript.swift */ = {isa = PBXFileReference; fileEncoding = 4; lastKnownFileType = sourcecode.swift; path = ReportByCallingScript.swift; sourceTree = "<group>"; };
		BB1705F1B761A7E6263D8FFB /* GenericDiffReporter.swift */ = {isa = PBXFileReference; fileEncoding = 4; lastKnownFileType = sourcecode.swift; path = GenericDiffReporter.swift; sourceTree = "<group>"; };
		BB1705F8B220353ECE8102B0 /* TestSetupTests.swift */ = {isa = PBXFileReference; fileEncoding = 4; lastKnownFileType = sourcecode.swift; path = TestSetupTests.swift; sourceTree = "<group>"; };
		BB17064685A20DAA7CFE6421 /* ReporterTests.swift */ = {isa = PBXFileReference; fileEncoding = 4; lastKnownFileType = sourcecode.swift; path = ReporterTests.swift; sourceTree = "<group>"; };
		BB1708EE2DD2D75D24452A4F /* GenericDiffReporterBase.swift */ = {isa = PBXFileReference; fileEncoding = 4; lastKnownFileType = sourcecode.swift; path = GenericDiffReporterBase.swift; sourceTree = "<group>"; };
		BB170A69DD1A71C2E2A023E7 /* SystemUtils.swift */ = {isa = PBXFileReference; fileEncoding = 4; lastKnownFileType = sourcecode.swift; path = SystemUtils.swift; sourceTree = "<group>"; };
		BB170ABF2255D4F0B1D59D15 /* ReportWithEverything.swift */ = {isa = PBXFileReference; fileEncoding = 4; lastKnownFileType = sourcecode.swift; path = ReportWithEverything.swift; sourceTree = "<group>"; };
		BB170B4E08B1BA83D2E5E201 /* ScrubDates.swift */ = {isa = PBXFileReference; fileEncoding = 4; lastKnownFileType = sourcecode.swift; path = ScrubDates.swift; sourceTree = "<group>"; };
		BB170BAAFF8A9EFB75598942 /* ScrubbersTests.swift */ = {isa = PBXFileReference; fileEncoding = 4; lastKnownFileType = sourcecode.swift; path = ScrubbersTests.swift; sourceTree = "<group>"; };
		BB170BD5F95C651D0A332123 /* ReportMoveCommandToClipboard.swift */ = {isa = PBXFileReference; fileEncoding = 4; lastKnownFileType = sourcecode.swift; path = ReportMoveCommandToClipboard.swift; sourceTree = "<group>"; };
		BB170C818D93ED50B092E659 /* ExecutableReporter.swift */ = {isa = PBXFileReference; fileEncoding = 4; lastKnownFileType = sourcecode.swift; path = ExecutableReporter.swift; sourceTree = "<group>"; };
		BB170DC8AAB0910AD476210C /* OptionsTests.swift */ = {isa = PBXFileReference; fileEncoding = 4; lastKnownFileType = sourcecode.swift; path = OptionsTests.swift; sourceTree = "<group>"; };
		BB170DCFB6F009A8073F8C69 /* ExecutableQuery.swift */ = {isa = PBXFileReference; fileEncoding = 4; lastKnownFileType = sourcecode.swift; path = ExecutableQuery.swift; sourceTree = "<group>"; };
		BB170E5ED77EF744D7F2D311 /* ScrubWithRegExWithReplacementAliasing.swift */ = {isa = PBXFileReference; fileEncoding = 4; lastKnownFileType = sourcecode.swift; path = ScrubWithRegExWithReplacementAliasing.swift; sourceTree = "<group>"; };
		BB170E78802A85D68B77CAA0 /* ScrubWithRegEx.swift */ = {isa = PBXFileReference; fileEncoding = 4; lastKnownFileType = sourcecode.swift; path = ScrubWithRegEx.swift; sourceTree = "<group>"; };
		BB170EB6027F20F1764F9EF4 /* ReportContentsWithXCTest.swift */ = {isa = PBXFileReference; fileEncoding = 4; lastKnownFileType = sourcecode.swift; path = ReportContentsWithXCTest.swift; sourceTree = "<group>"; };
		BB170EF94A9CEE9D2A038041 /* NetUtils.swift */ = {isa = PBXFileReference; fileEncoding = 4; lastKnownFileType = sourcecode.swift; path = NetUtils.swift; sourceTree = "<group>"; };
		BB170F2E5E36C79487539555 /* Options.swift */ = {isa = PBXFileReference; fileEncoding = 4; lastKnownFileType = sourcecode.swift; path = Options.swift; sourceTree = "<group>"; };
		BB170F8F083E3D6B5172BF7A /* VariousReporters.swift */ = {isa = PBXFileReference; fileEncoding = 4; lastKnownFileType = sourcecode.swift; path = VariousReporters.swift; sourceTree = "<group>"; };
		BB170FA3E48957CD9F09940C /* ReportByOpeningReceivedFile.swift */ = {isa = PBXFileReference; fileEncoding = 4; lastKnownFileType = sourcecode.swift; path = ReportByOpeningReceivedFile.swift; sourceTree = "<group>"; };
		BB170FF2F8319026C4E149FF /* Scrubber.swift */ = {isa = PBXFileReference; fileEncoding = 4; lastKnownFileType = sourcecode.swift; path = Scrubber.swift; sourceTree = "<group>"; };
/* End PBXFileReference section */

/* Begin PBXFrameworksBuildPhase section */
		163E1845217F827400A54A48 /* Frameworks */ = {
			isa = PBXFrameworksBuildPhase;
			buildActionMask = 2147483647;
			files = (
				163E188C218018E100A54A48 /* XCTest.framework in Frameworks */,
			);
			runOnlyForDeploymentPostprocessing = 0;
		};
		163E184E217F827400A54A48 /* Frameworks */ = {
			isa = PBXFrameworksBuildPhase;
			buildActionMask = 2147483647;
			files = (
				163E1852217F827400A54A48 /* ApprovalTests_iOS.framework in Frameworks */,
			);
			runOnlyForDeploymentPostprocessing = 0;
		};
		168C9620216023F9008F354C /* Frameworks */ = {
			isa = PBXFrameworksBuildPhase;
			buildActionMask = 2147483647;
			files = (
			);
			runOnlyForDeploymentPostprocessing = 0;
		};
		168C962A216023F9008F354C /* Frameworks */ = {
			isa = PBXFrameworksBuildPhase;
			buildActionMask = 2147483647;
			files = (
				168C962E216023F9008F354C /* ApprovalTests_Swift.framework in Frameworks */,
			);
			runOnlyForDeploymentPostprocessing = 0;
		};
/* End PBXFrameworksBuildPhase section */

/* Begin PBXGroup section */
		1637CE7A2164633700994238 /* Frameworks */ = {
			isa = PBXGroup;
			children = (
				163E188B218018E100A54A48 /* XCTest.framework */,
			);
			name = Frameworks;
			sourceTree = "<group>";
		};
		163E184A217F827400A54A48 /* ApprovalTests_iOS */ = {
			isa = PBXGroup;
			children = (
				163E184B217F827400A54A48 /* ApprovalTests_iOS.h */,
				163E184C217F827400A54A48 /* Info.plist */,
			);
			path = ApprovalTests_iOS;
			sourceTree = "<group>";
		};
		163E1855217F827400A54A48 /* ApprovalTests_iOSTests */ = {
			isa = PBXGroup;
			children = (
				163E1858217F827400A54A48 /* Info.plist */,
			);
			path = ApprovalTests_iOSTests;
			sourceTree = "<group>";
		};
		163E187F217FA9A500A54A48 /* macOS */ = {
			isa = PBXGroup;
			children = (
				BB1705F1B761A7E6263D8FFB /* GenericDiffReporter.swift */,
				BB170FA3E48957CD9F09940C /* ReportByOpeningReceivedFile.swift */,
			);
			path = macOS;
			sourceTree = "<group>";
		};
		163E1880217FA9C700A54A48 /* iOS */ = {
			isa = PBXGroup;
			children = (
				BB1700198EEF7F2B448074E8 /* GenericDiffReporterIOS.swift */,
			);
			path = iOS;
			sourceTree = "<group>";
		};
		168C961A216023F8008F354C = {
			isa = PBXGroup;
			children = (
				168C9626216023F9008F354C /* ApprovalTests.Swift */,
				168C9631216023F9008F354C /* ApprovalTests_SwiftTests */,
				163E184A217F827400A54A48 /* ApprovalTests_iOS */,
				163E1855217F827400A54A48 /* ApprovalTests_iOSTests */,
				1637CE7A2164633700994238 /* Frameworks */,
				489094C2279132C000DC7E60 /* iOSApprovalsWatcher.py */,
				168C9625216023F9008F354C /* Products */,
				48B6BFF42629519600B956A4 /* XcodeWarnings.xcconfig */,
			);
			sourceTree = "<group>";
		};
		168C9625216023F9008F354C /* Products */ = {
			isa = PBXGroup;
			children = (
				168C9624216023F9008F354C /* ApprovalTests_Swift.framework */,
				168C962D216023F9008F354C /* ApprovalTests_SwiftTests.xctest */,
				163E1849217F827400A54A48 /* ApprovalTests_iOS.framework */,
				163E1851217F827400A54A48 /* ApprovalTests_iOSTests.xctest */,
			);
			name = Products;
			sourceTree = "<group>";
		};
		168C9626216023F9008F354C /* ApprovalTests.Swift */ = {
			isa = PBXGroup;
			children = (
				97308BBAF1CDE277460537C7 /* Approvals.swift */,
				97308185AAA6F1A2582A854B /* Approvers */,
				9730882AB24F40884CA83F8C /* Combinations */,
				973084D9A486DE725CE0CA7D /* Core */,
				973081106774B58345BDD43C /* Namer */,
				97308887A6CE81339049E3B4 /* Reporters */,
				BB17046E248658EAD616D3F2 /* Scrubbers */,
				97308CA7D8483A14498F1D40 /* Utils */,
				973086E353683EE643DD4BA3 /* Writers */,
				168C9627216023F9008F354C /* ApprovalTests_Swift.h */,
				168C9628216023F9008F354C /* Info.plist */,
			);
			path = ApprovalTests.Swift;
			sourceTree = "<group>";
		};
		168C9631216023F9008F354C /* ApprovalTests_SwiftTests */ = {
			isa = PBXGroup;
			children = (
				168C9634216023F9008F354C /* Info.plist */,
				97308D241492E13CB5BF5866 /* ApprovalsTests.swift */,
				168C9632216023F9008F354C /* ApprovalTests_SwiftTests.swift */,
				BB170DC8AAB0910AD476210C /* OptionsTests.swift */,
				BB17016A18A40B0D9FFC03E0 /* ReporterFactoryTests.swift */,
				97308BE497F4102343464B3C /* Samples.swift */,
				973084FDA2BB35BA2CA5DC70 /* TestReporter.swift */,
				BB17051DA6037ED58B6A29A3 /* TestSetup.swift */,
				BB1705F8B220353ECE8102B0 /* TestSetupTests.swift */,
				97308C741E9083C1EF8992C9 /* Combinations */,
				97308D78086F701623ED654B /* Demo */,
				BB17064E8F6B27C1C626D959 /* Reporters */,
				BB170341B90F8DAC2106366B /* Scrubbers */,
			);
			path = ApprovalTests_SwiftTests;
			sourceTree = "<group>";
		};
		973081106774B58345BDD43C /* Namer */ = {
			isa = PBXGroup;
			children = (
				97308B0163F571871E65B39A /* ApprovalNamer.swift */,
				973086013CD2288DC3DE9F4E /* Namer.swift */,
			);
			path = Namer;
			sourceTree = "<group>";
		};
		97308185AAA6F1A2582A854B /* Approvers */ = {
			isa = PBXGroup;
			children = (
				97308FAD567B1657AE7671D0 /* ApprovalApprover.swift */,
				97308F282AC7547A5A3278BB /* FileApprover.swift */,
				BB17051531693F6FC252F7DF /* TestFailer.swift */,
			);
			path = Approvers;
			sourceTree = "<group>";
		};
		973084D9A486DE725CE0CA7D /* Core */ = {
			isa = PBXGroup;
			children = (
				973085D5FB753938543FDA7C /* ApprovalFailureReporter.swift */,
				973088485E8B1D043616B220 /* ApprovalWriter.swift */,
				BB170F2E5E36C79487539555 /* Options.swift */,
				BB170FF2F8319026C4E149FF /* Scrubber.swift */,
			);
			path = Core;
			sourceTree = "<group>";
		};
		973086E353683EE643DD4BA3 /* Writers */ = {
			isa = PBXGroup;
			children = (
				97308FC331B73ECB0A9BA7EE /* ApprovalTextWriter.swift */,
			);
			path = Writers;
			sourceTree = "<group>";
		};
		9730882AB24F40884CA83F8C /* Combinations */ = {
			isa = PBXGroup;
			children = (
				973085B841308DD129EF2C02 /* CombinationApprovals.swift */,
			);
			path = Combinations;
			sourceTree = "<group>";
		};
		97308887A6CE81339049E3B4 /* Reporters */ = {
			isa = PBXGroup;
			children = (
				BB170C818D93ED50B092E659 /* ExecutableReporter.swift */,
				BB17059F97E2ED858F9C9A2F /* FirstWorkingReporter.swift */,
				BB1708EE2DD2D75D24452A4F /* GenericDiffReporterBase.swift */,
				BB1705B9C16FF40144A3AC52 /* ReportByCallingScript.swift */,
				BB170EB6027F20F1764F9EF4 /* ReportContentsWithXCTest.swift */,
				9730820AFFF03C5745F45021 /* ReporterFactory.swift */,
				BB170BD5F95C651D0A332123 /* ReportMoveCommandToClipboard.swift */,
				BB1701DBF0B6E0AD00A62DDD /* ReportWithDiffTool.swift */,
				BB170ABF2255D4F0B1D59D15 /* ReportWithEverything.swift */,
				BB170F8F083E3D6B5172BF7A /* VariousReporters.swift */,
				163E1880217FA9C700A54A48 /* iOS */,
				163E187F217FA9A500A54A48 /* macOS */,
			);
			path = Reporters;
			sourceTree = "<group>";
		};
		97308C741E9083C1EF8992C9 /* Combinations */ = {
			isa = PBXGroup;
			children = (
				9730821C2686EF2FBA95FAEE /* CombinationTests.swift */,
			);
			path = Combinations;
			sourceTree = "<group>";
		};
		97308CA7D8483A14498F1D40 /* Utils */ = {
			isa = PBXGroup;
			children = (
				97308B6D486609330CC17CB0 /* CwlDemangle.swift */,
				BB170DCFB6F009A8073F8C69 /* ExecutableQuery.swift */,
				BB170EF94A9CEE9D2A038041 /* NetUtils.swift */,
				973086C8511ED6F6F2F50094 /* StringUtils.swift */,
				BB170A69DD1A71C2E2A023E7 /* SystemUtils.swift */,
			);
			path = Utils;
			sourceTree = "<group>";
		};
		97308D78086F701623ED654B /* Demo */ = {
			isa = PBXGroup;
			children = (
				97308657C3B3CEFB291EEBBD /* SampleArrayTests.swift */,
			);
			path = Demo;
			sourceTree = "<group>";
		};
		BB170341B90F8DAC2106366B /* Scrubbers */ = {
			isa = PBXGroup;
			children = (
				BB170BAAFF8A9EFB75598942 /* ScrubbersTests.swift */,
			);
			path = Scrubbers;
			sourceTree = "<group>";
		};
		BB17046E248658EAD616D3F2 /* Scrubbers */ = {
			isa = PBXGroup;
			children = (
				BB170B4E08B1BA83D2E5E201 /* ScrubDates.swift */,
				BB1700D4E088787C48D2EA63 /* ScrubNothing.swift */,
				BB170E78802A85D68B77CAA0 /* ScrubWithRegEx.swift */,
				BB170E5ED77EF744D7F2D311 /* ScrubWithRegExWithReplacementAliasing.swift */,
			);
			path = Scrubbers;
			sourceTree = "<group>";
		};
		BB17064E8F6B27C1C626D959 /* Reporters */ = {
			isa = PBXGroup;
			children = (
				BB17064685A20DAA7CFE6421 /* ReporterTests.swift */,
			);
			path = Reporters;
			sourceTree = "<group>";
		};
/* End PBXGroup section */

/* Begin PBXHeadersBuildPhase section */
		163E1846217F827400A54A48 /* Headers */ = {
			isa = PBXHeadersBuildPhase;
			buildActionMask = 2147483647;
			files = (
				163E1859217F827400A54A48 /* ApprovalTests_iOS.h in Headers */,
			);
			runOnlyForDeploymentPostprocessing = 0;
		};
		168C9621216023F9008F354C /* Headers */ = {
			isa = PBXHeadersBuildPhase;
			buildActionMask = 2147483647;
			files = (
				168C9635216023F9008F354C /* ApprovalTests_Swift.h in Headers */,
			);
			runOnlyForDeploymentPostprocessing = 0;
		};
/* End PBXHeadersBuildPhase section */

/* Begin PBXNativeTarget section */
		163E1848217F827400A54A48 /* ApprovalTests_iOS */ = {
			isa = PBXNativeTarget;
			buildConfigurationList = 163E185E217F827400A54A48 /* Build configuration list for PBXNativeTarget "ApprovalTests_iOS" */;
			buildPhases = (
				163E1844217F827400A54A48 /* Sources */,
				163E1845217F827400A54A48 /* Frameworks */,
				163E1846217F827400A54A48 /* Headers */,
				163E1847217F827400A54A48 /* Resources */,
			);
			buildRules = (
			);
			dependencies = (
			);
			name = ApprovalTests_iOS;
			productName = ApprovalTests_iOS;
			productReference = 163E1849217F827400A54A48 /* ApprovalTests_iOS.framework */;
			productType = "com.apple.product-type.framework";
		};
		163E1850217F827400A54A48 /* ApprovalTests_iOSTests */ = {
			isa = PBXNativeTarget;
			buildConfigurationList = 163E185F217F827400A54A48 /* Build configuration list for PBXNativeTarget "ApprovalTests_iOSTests" */;
			buildPhases = (
				163E184D217F827400A54A48 /* Sources */,
				163E184E217F827400A54A48 /* Frameworks */,
				163E184F217F827400A54A48 /* Resources */,
			);
			buildRules = (
			);
			dependencies = (
				163E1854217F827400A54A48 /* PBXTargetDependency */,
			);
			name = ApprovalTests_iOSTests;
			productName = ApprovalTests_iOSTests;
			productReference = 163E1851217F827400A54A48 /* ApprovalTests_iOSTests.xctest */;
			productType = "com.apple.product-type.bundle.unit-test";
		};
		168C9623216023F9008F354C /* ApprovalTests.Swift */ = {
			isa = PBXNativeTarget;
			buildConfigurationList = 168C9638216023F9008F354C /* Build configuration list for PBXNativeTarget "ApprovalTests.Swift" */;
			buildPhases = (
				168C961F216023F9008F354C /* Sources */,
				168C9620216023F9008F354C /* Frameworks */,
				168C9621216023F9008F354C /* Headers */,
				168C9622216023F9008F354C /* Resources */,
			);
			buildRules = (
			);
			dependencies = (
			);
			name = ApprovalTests.Swift;
			productName = ApprovalTests.Swift;
			productReference = 168C9624216023F9008F354C /* ApprovalTests_Swift.framework */;
			productType = "com.apple.product-type.framework";
		};
		168C962C216023F9008F354C /* ApprovalTests_SwiftTests */ = {
			isa = PBXNativeTarget;
			buildConfigurationList = 168C963B216023F9008F354C /* Build configuration list for PBXNativeTarget "ApprovalTests_SwiftTests" */;
			buildPhases = (
				168C9629216023F9008F354C /* Sources */,
				168C962A216023F9008F354C /* Frameworks */,
				168C962B216023F9008F354C /* Resources */,
			);
			buildRules = (
			);
			dependencies = (
				168C9630216023F9008F354C /* PBXTargetDependency */,
			);
			name = ApprovalTests_SwiftTests;
			productName = ApprovalTests.SwiftTests;
			productReference = 168C962D216023F9008F354C /* ApprovalTests_SwiftTests.xctest */;
			productType = "com.apple.product-type.bundle.unit-test";
		};
/* End PBXNativeTarget section */

/* Begin PBXProject section */
		168C961B216023F8008F354C /* Project object */ = {
			isa = PBXProject;
			attributes = {
				LastSwiftUpdateCheck = 0940;
				LastUpgradeCheck = 1240;
				ORGANIZATIONNAME = NA;
				TargetAttributes = {
					163E1848217F827400A54A48 = {
						CreatedOnToolsVersion = 9.4.1;
						LastSwiftMigration = 1150;
					};
					163E1850217F827400A54A48 = {
						CreatedOnToolsVersion = 9.4.1;
						LastSwiftMigration = 1150;
					};
					168C9623216023F9008F354C = {
						CreatedOnToolsVersion = 9.4.1;
						LastSwiftMigration = 1150;
					};
					168C962C216023F9008F354C = {
						CreatedOnToolsVersion = 9.4.1;
						LastSwiftMigration = 1150;
					};
				};
			};
			buildConfigurationList = 168C961E216023F8008F354C /* Build configuration list for PBXProject "ApprovalTests.Swift" */;
			compatibilityVersion = "Xcode 9.3";
			developmentRegion = en;
			hasScannedForEncodings = 0;
			knownRegions = (
				en,
				Base,
			);
			mainGroup = 168C961A216023F8008F354C;
			productRefGroup = 168C9625216023F9008F354C /* Products */;
			projectDirPath = "";
			projectRoot = "";
			targets = (
				168C9623216023F9008F354C /* ApprovalTests.Swift */,
				168C962C216023F9008F354C /* ApprovalTests_SwiftTests */,
				163E1848217F827400A54A48 /* ApprovalTests_iOS */,
				163E1850217F827400A54A48 /* ApprovalTests_iOSTests */,
			);
		};
/* End PBXProject section */

/* Begin PBXResourcesBuildPhase section */
		163E1847217F827400A54A48 /* Resources */ = {
			isa = PBXResourcesBuildPhase;
			buildActionMask = 2147483647;
			files = (
			);
			runOnlyForDeploymentPostprocessing = 0;
		};
		163E184F217F827400A54A48 /* Resources */ = {
			isa = PBXResourcesBuildPhase;
			buildActionMask = 2147483647;
			files = (
			);
			runOnlyForDeploymentPostprocessing = 0;
		};
		168C9622216023F9008F354C /* Resources */ = {
			isa = PBXResourcesBuildPhase;
			buildActionMask = 2147483647;
			files = (
			);
			runOnlyForDeploymentPostprocessing = 0;
		};
		168C962B216023F9008F354C /* Resources */ = {
			isa = PBXResourcesBuildPhase;
			buildActionMask = 2147483647;
			files = (
			);
			runOnlyForDeploymentPostprocessing = 0;
		};
/* End PBXResourcesBuildPhase section */

/* Begin PBXSourcesBuildPhase section */
		163E1844217F827400A54A48 /* Sources */ = {
			isa = PBXSourcesBuildPhase;
			buildActionMask = 2147483647;
			files = (
				163E1883217FAAC800A54A48 /* Approvals.swift in Sources */,
				163E187E217FA98200A54A48 /* ApprovalApprover.swift in Sources */,
				163E1864217F84BE00A54A48 /* FileApprover.swift in Sources */,
				48B6BF6126290C2700B956A4 /* FirstWorkingReporter.swift in Sources */,
				163E1865217F84BE00A54A48 /* ApprovalFailureReporter.swift in Sources */,
				163E1866217F84BE00A54A48 /* ApprovalWriter.swift in Sources */,
				163E1867217F84BE00A54A48 /* ApprovalNamer.swift in Sources */,
				163E1868217F84BE00A54A48 /* Namer.swift in Sources */,
				48FD0FAC264B865300623323 /* GenericDiffReporter.swift in Sources */,
				163E186B217F84BE00A54A48 /* ReporterFactory.swift in Sources */,
				163E186D217F84BE00A54A48 /* CwlDemangle.swift in Sources */,
				163E186F217F84BE00A54A48 /* StringUtils.swift in Sources */,
				163E1870217F84BE00A54A48 /* ApprovalTextWriter.swift in Sources */,
				163E1871217F84BE00A54A48 /* CombinationApprovals.swift in Sources */,
				BB170E455F9D597F98E2147D /* GenericDiffReporterIOS.swift in Sources */,
				BB170FF2D7989206C9C2C463 /* GenericDiffReporterBase.swift in Sources */,
				BB1702CC0E11C261EEA5D889 /* TestFailer.swift in Sources */,
				BB17067D87D9EFBE29AF0CF1 /* ReportWithDiffTool.swift in Sources */,
				BB1704E7E6A9EF2621DF755B /* Options.swift in Sources */,
				BB170ECA78B7A7F62CF1784B /* ScrubWithRegEx.swift in Sources */,
				BB17091A9C60F6653944C673 /* Scrubber.swift in Sources */,
				BB1705BD1C2CEECB5F9674DF /* ScrubNothing.swift in Sources */,
				BB1705BAFF1D3484001623D3 /* ScrubDates.swift in Sources */,
				BB170CAAE3C02DCE74BC4555 /* ScrubWithRegExWithReplacementAliasing.swift in Sources */,
				BB170F1D5D24E5B93365060D /* ReportWithEverything.swift in Sources */,
				BB17070A6881417FE68D5156 /* SystemUtils.swift in Sources */,
				BB17003FDDE7E5E6AC29C8C4 /* ReportMoveCommandToClipboard.swift in Sources */,
				BB17060F3B36CE199DDF034D /* ReportContentsWithXCTest.swift in Sources */,
				BB170B23B4B633C2A1740C43 /* ReportByOpeningReceivedFile.swift in Sources */,
				BB1708557C9CC88CA569503E /* VariousReporters.swift in Sources */,
				BB170F60FA4B4AE0DFE75605 /* ExecutableQuery.swift in Sources */,
				BB1705210A44C7B2D8D4BCF0 /* NetUtils.swift in Sources */,
				BB170DC9538E09528B1564BB /* ExecutableReporter.swift in Sources */,
				BB170328E32BD1B280211D80 /* ReportByCallingScript.swift in Sources */,
			);
			runOnlyForDeploymentPostprocessing = 0;
		};
		163E184D217F827400A54A48 /* Sources */ = {
			isa = PBXSourcesBuildPhase;
			buildActionMask = 2147483647;
			files = (
				48B6BF7826290E2500B956A4 /* OptionsTests.swift in Sources */,
				163E1884217FB49800A54A48 /* TestReporter.swift in Sources */,
				48DFED4C262E64290036E160 /* ScrubbersTests.swift in Sources */,
				163E1885217FB4A200A54A48 /* CombinationTests.swift in Sources */,
				48B6BF54262906DD00B956A4 /* ApprovalTests_SwiftTests.swift in Sources */,
				48B6BF9126293D5400B956A4 /* ReporterTests.swift in Sources */,
				163E1886217FB4B700A54A48 /* SampleArrayTests.swift in Sources */,
				163E1887217FB4C800A54A48 /* ApprovalsTests.swift in Sources */,
				163E1888217FB4E500A54A48 /* Samples.swift in Sources */,
				BB1706D0B12712EB693FA222 /* TestSetup.swift in Sources */,
				BB170FB920D68002B14C4A5A /* TestSetupTests.swift in Sources */,
				BB17078180CE0797EE88E7D4 /* ReporterFactoryTests.swift in Sources */,
			);
			runOnlyForDeploymentPostprocessing = 0;
		};
		168C961F216023F9008F354C /* Sources */ = {
			isa = PBXSourcesBuildPhase;
			buildActionMask = 2147483647;
			files = (
				97308F8A36EB85A6CFDF5C78 /* Approvals.swift in Sources */,
				97308E0EDC9DA6E224FBAAC7 /* ApprovalApprover.swift in Sources */,
				97308953E0DAF2007A0AEA43 /* FileApprover.swift in Sources */,
				973084968FAC2B7E4FA2620F /* ApprovalFailureReporter.swift in Sources */,
				9730813D4772C7FCA170E0EA /* ApprovalWriter.swift in Sources */,
				9730887714C23132E12F08DF /* ApprovalNamer.swift in Sources */,
				9730846152DA8E5EC7A1170F /* Namer.swift in Sources */,
				97308FF1569559F04D5ACAED /* CwlDemangle.swift in Sources */,
				973087A01B5F30E6D1CB585D /* ApprovalTextWriter.swift in Sources */,
				97308AE5D7992BFA4749DDC7 /* ReporterFactory.swift in Sources */,
				97308597E60FDC87E7ED7453 /* CombinationApprovals.swift in Sources */,
				97308702B176EBB5F0A8D932 /* StringUtils.swift in Sources */,
				BB17001927AF3FBB44EB00AA /* FirstWorkingReporter.swift in Sources */,
				BB1700BEA64E5553DECC0A6F /* GenericDiffReporter.swift in Sources */,
				BB170D510FCEB3E5C338FCF0 /* GenericDiffReporterBase.swift in Sources */,
				BB1701908E6AD828958295FF /* TestFailer.swift in Sources */,
				BB17030411282D1203B9BFF6 /* ReportWithDiffTool.swift in Sources */,
				BB17050D1CB42D26415F09D6 /* Options.swift in Sources */,
				BB17092C827110A024C37290 /* ScrubWithRegEx.swift in Sources */,
				48FD0FA6264B864F00623323 /* GenericDiffReporterIOS.swift in Sources */,
				BB170F1E0EF85F10A44587DD /* Scrubber.swift in Sources */,
				BB170CCEA1FCAC1D1490EB06 /* ScrubNothing.swift in Sources */,
				BB170735AEB3FF2A966B2670 /* ScrubDates.swift in Sources */,
				BB170785D01DD8502B5130E1 /* ScrubWithRegExWithReplacementAliasing.swift in Sources */,
				BB17082BCD15B0EC24818BB6 /* ReportWithEverything.swift in Sources */,
				BB1709DEFFE6129029D2E405 /* SystemUtils.swift in Sources */,
				BB170B666CED34E67E36EB1C /* ReportMoveCommandToClipboard.swift in Sources */,
				BB170C6E8500DD54788F22AC /* ReportContentsWithXCTest.swift in Sources */,
				BB170E346922548F2216AEA2 /* ReportByOpeningReceivedFile.swift in Sources */,
				BB170DCF03123E17CD8049F9 /* VariousReporters.swift in Sources */,
				BB170834EB534E8522C61F95 /* ExecutableQuery.swift in Sources */,
				BB1704AD2E598DDE7364EEEA /* NetUtils.swift in Sources */,
				BB170F90162446909479E0CB /* ExecutableReporter.swift in Sources */,
				BB170CC9A14AD34695481E74 /* ReportByCallingScript.swift in Sources */,
			);
			runOnlyForDeploymentPostprocessing = 0;
		};
		168C9629216023F9008F354C /* Sources */ = {
			isa = PBXSourcesBuildPhase;
			buildActionMask = 2147483647;
			files = (
				168C9633216023F9008F354C /* ApprovalTests_SwiftTests.swift in Sources */,
				973084EC01FAAC43432D75C3 /* TestReporter.swift in Sources */,
				48DFED4D262E642A0036E160 /* ScrubbersTests.swift in Sources */,
				97308F937FDF58C96E108DE4 /* CombinationTests.swift in Sources */,
				973086311B135BA1E44E28B3 /* SampleArrayTests.swift in Sources */,
				48B6BF7726290E2500B956A4 /* OptionsTests.swift in Sources */,
				973081B984AC2F9B66D19D7F /* ApprovalsTests.swift in Sources */,
				97308F929CF27A617D272BCA /* Samples.swift in Sources */,
				BB170DD606509A7F5AA1321E /* ReporterTests.swift in Sources */,
				BB170C2F89553360BB7D93DE /* TestSetup.swift in Sources */,
				BB1701081A81B0B15E271256 /* TestSetupTests.swift in Sources */,
				BB1707B50E22A8C58F5A3563 /* ReporterFactoryTests.swift in Sources */,
			);
			runOnlyForDeploymentPostprocessing = 0;
		};
/* End PBXSourcesBuildPhase section */

/* Begin PBXTargetDependency section */
		163E1854217F827400A54A48 /* PBXTargetDependency */ = {
			isa = PBXTargetDependency;
			target = 163E1848217F827400A54A48 /* ApprovalTests_iOS */;
			targetProxy = 163E1853217F827400A54A48 /* PBXContainerItemProxy */;
		};
		168C9630216023F9008F354C /* PBXTargetDependency */ = {
			isa = PBXTargetDependency;
			target = 168C9623216023F9008F354C /* ApprovalTests.Swift */;
			targetProxy = 168C962F216023F9008F354C /* PBXContainerItemProxy */;
		};
/* End PBXTargetDependency section */

/* Begin XCBuildConfiguration section */
		163E185A217F827400A54A48 /* Debug */ = {
			isa = XCBuildConfiguration;
			buildSettings = {
				CODE_SIGN_IDENTITY = "";
				CODE_SIGN_STYLE = Automatic;
				DEFINES_MODULE = YES;
				DYLIB_COMPATIBILITY_VERSION = 1;
				DYLIB_CURRENT_VERSION = 1;
				DYLIB_INSTALL_NAME_BASE = "@rpath";
				FRAMEWORK_SEARCH_PATHS = "$(PLATFORM_DIR)/Developer/Library/Frameworks";
				INFOPLIST_FILE = ApprovalTests_iOS/Info.plist;
				INSTALL_PATH = "$(LOCAL_LIBRARY_DIR)/Frameworks";
				IPHONEOS_DEPLOYMENT_TARGET = 12.0;
				LD_RUNPATH_SEARCH_PATHS = (
					"$(inherited)",
					"@executable_path/Frameworks",
					"@loader_path/Frameworks",
				);
				PRODUCT_BUNDLE_IDENTIFIER = "com.ApprovalTests-iOS";
				PRODUCT_NAME = "$(TARGET_NAME:c99extidentifier)";
				SDKROOT = iphoneos;
				SKIP_INSTALL = YES;
				SWIFT_VERSION = 5.0;
				TARGETED_DEVICE_FAMILY = "1,2";
			};
			name = Debug;
		};
		163E185B217F827400A54A48 /* Release */ = {
			isa = XCBuildConfiguration;
			buildSettings = {
				CODE_SIGN_IDENTITY = "";
				CODE_SIGN_STYLE = Automatic;
				DEFINES_MODULE = YES;
				DYLIB_COMPATIBILITY_VERSION = 1;
				DYLIB_CURRENT_VERSION = 1;
				DYLIB_INSTALL_NAME_BASE = "@rpath";
				FRAMEWORK_SEARCH_PATHS = "$(PLATFORM_DIR)/Developer/Library/Frameworks";
				INFOPLIST_FILE = ApprovalTests_iOS/Info.plist;
				INSTALL_PATH = "$(LOCAL_LIBRARY_DIR)/Frameworks";
				IPHONEOS_DEPLOYMENT_TARGET = 12.0;
				LD_RUNPATH_SEARCH_PATHS = (
					"$(inherited)",
					"@executable_path/Frameworks",
					"@loader_path/Frameworks",
				);
				PRODUCT_BUNDLE_IDENTIFIER = "com.ApprovalTests-iOS";
				PRODUCT_NAME = "$(TARGET_NAME:c99extidentifier)";
				SDKROOT = iphoneos;
				SKIP_INSTALL = YES;
				SWIFT_VERSION = 5.0;
				TARGETED_DEVICE_FAMILY = "1,2";
				VALIDATE_PRODUCT = YES;
			};
			name = Release;
		};
		163E185C217F827400A54A48 /* Debug */ = {
			isa = XCBuildConfiguration;
			buildSettings = {
				ALWAYS_EMBED_SWIFT_STANDARD_LIBRARIES = YES;
				CODE_SIGN_IDENTITY = "iPhone Developer";
				CODE_SIGN_STYLE = Automatic;
				INFOPLIST_FILE = ApprovalTests_iOSTests/Info.plist;
				IPHONEOS_DEPLOYMENT_TARGET = 12.0;
				LD_RUNPATH_SEARCH_PATHS = (
					"$(inherited)",
					"@executable_path/Frameworks",
					"@loader_path/Frameworks",
				);
				PRODUCT_BUNDLE_IDENTIFIER = "com.ApprovalTests-iOSTests";
				PRODUCT_NAME = "$(TARGET_NAME)";
				SDKROOT = iphoneos;
				SWIFT_VERSION = 5.0;
				TARGETED_DEVICE_FAMILY = "1,2";
			};
			name = Debug;
		};
		163E185D217F827400A54A48 /* Release */ = {
			isa = XCBuildConfiguration;
			buildSettings = {
				ALWAYS_EMBED_SWIFT_STANDARD_LIBRARIES = YES;
				CODE_SIGN_IDENTITY = "iPhone Developer";
				CODE_SIGN_STYLE = Automatic;
				INFOPLIST_FILE = ApprovalTests_iOSTests/Info.plist;
				IPHONEOS_DEPLOYMENT_TARGET = 12.0;
				LD_RUNPATH_SEARCH_PATHS = (
					"$(inherited)",
					"@executable_path/Frameworks",
					"@loader_path/Frameworks",
				);
				PRODUCT_BUNDLE_IDENTIFIER = "com.ApprovalTests-iOSTests";
				PRODUCT_NAME = "$(TARGET_NAME)";
				SDKROOT = iphoneos;
				SWIFT_VERSION = 5.0;
				TARGETED_DEVICE_FAMILY = "1,2";
				VALIDATE_PRODUCT = YES;
			};
			name = Release;
		};
		168C9636216023F9008F354C /* Debug */ = {
			isa = XCBuildConfiguration;
			baseConfigurationReference = 48B6BFF42629519600B956A4 /* XcodeWarnings.xcconfig */;
			buildSettings = {
				ALWAYS_SEARCH_USER_PATHS = NO;
				CLANG_CXX_LANGUAGE_STANDARD = "gnu++14";
				CLANG_CXX_LIBRARY = "libc++";
				CLANG_ENABLE_MODULES = YES;
				CLANG_ENABLE_OBJC_ARC = YES;
				CLANG_ENABLE_OBJC_WEAK = YES;
				CODE_SIGN_IDENTITY = "-";
				COPY_PHASE_STRIP = NO;
				CURRENT_PROJECT_VERSION = 1;
				DEBUG_INFORMATION_FORMAT = dwarf;
				ENABLE_STRICT_OBJC_MSGSEND = YES;
				ENABLE_TESTABILITY = YES;
				ENABLE_TESTING_SEARCH_PATHS = YES;
				GCC_C_LANGUAGE_STANDARD = gnu11;
				GCC_DYNAMIC_NO_PIC = NO;
				GCC_NO_COMMON_BLOCKS = YES;
				GCC_OPTIMIZATION_LEVEL = 0;
				GCC_PREPROCESSOR_DEFINITIONS = (
					"DEBUG=1",
					"$(inherited)",
				);
				MACOSX_DEPLOYMENT_TARGET = 10.15;
				ONLY_ACTIVE_ARCH = YES;
				OTHER_LDFLAGS = "-fprofile-instr-generate";
				SDKROOT = macosx;
				SWIFT_ACTIVE_COMPILATION_CONDITIONS = DEBUG;
				SWIFT_OPTIMIZATION_LEVEL = "-Onone";
				VERSIONING_SYSTEM = "apple-generic";
				VERSION_INFO_PREFIX = "";
			};
			name = Debug;
		};
		168C9637216023F9008F354C /* Release */ = {
			isa = XCBuildConfiguration;
			baseConfigurationReference = 48B6BFF42629519600B956A4 /* XcodeWarnings.xcconfig */;
			buildSettings = {
				ALWAYS_SEARCH_USER_PATHS = NO;
				CLANG_CXX_LANGUAGE_STANDARD = "gnu++14";
				CLANG_CXX_LIBRARY = "libc++";
				CLANG_ENABLE_MODULES = YES;
				CLANG_ENABLE_OBJC_ARC = YES;
				CLANG_ENABLE_OBJC_WEAK = YES;
				CODE_SIGN_IDENTITY = "-";
				COPY_PHASE_STRIP = NO;
				CURRENT_PROJECT_VERSION = 1;
				DEBUG_INFORMATION_FORMAT = "dwarf-with-dsym";
				ENABLE_NS_ASSERTIONS = NO;
				ENABLE_STRICT_OBJC_MSGSEND = YES;
				ENABLE_TESTING_SEARCH_PATHS = YES;
				GCC_C_LANGUAGE_STANDARD = gnu11;
				GCC_NO_COMMON_BLOCKS = YES;
				MACOSX_DEPLOYMENT_TARGET = 10.15;
				OTHER_LDFLAGS = "-fprofile-instr-generate";
				SDKROOT = macosx;
				SWIFT_COMPILATION_MODE = wholemodule;
				SWIFT_OPTIMIZATION_LEVEL = "-O";
				VERSIONING_SYSTEM = "apple-generic";
				VERSION_INFO_PREFIX = "";
			};
			name = Release;
		};
		168C9639216023F9008F354C /* Debug */ = {
			isa = XCBuildConfiguration;
			buildSettings = {
				CODE_SIGN_IDENTITY = "";
				CODE_SIGN_STYLE = Automatic;
				COMBINE_HIDPI_IMAGES = YES;
				DEFINES_MODULE = YES;
				DYLIB_COMPATIBILITY_VERSION = 1;
				DYLIB_CURRENT_VERSION = 1;
				DYLIB_INSTALL_NAME_BASE = "@rpath";
				FRAMEWORK_SEARCH_PATHS = "$(PLATFORM_DIR)/Developer/Library/Frameworks";
				FRAMEWORK_VERSION = A;
				INFOPLIST_FILE = ApprovalTests.Swift/Info.plist;
				INSTALL_PATH = "$(LOCAL_LIBRARY_DIR)/Frameworks";
				LD_RUNPATH_SEARCH_PATHS = (
					"$(inherited)",
					"@executable_path/../Frameworks",
					"@loader_path/Frameworks",
				);
				PRODUCT_BUNDLE_IDENTIFIER = "com.ApprovalTests-Swift";
				PRODUCT_NAME = "$(TARGET_NAME:c99extidentifier)";
				SKIP_INSTALL = YES;
				SWIFT_VERSION = 5.0;
			};
			name = Debug;
		};
		168C963A216023F9008F354C /* Release */ = {
			isa = XCBuildConfiguration;
			buildSettings = {
				CODE_SIGN_IDENTITY = "";
				CODE_SIGN_STYLE = Automatic;
				COMBINE_HIDPI_IMAGES = YES;
				DEFINES_MODULE = YES;
				DYLIB_COMPATIBILITY_VERSION = 1;
				DYLIB_CURRENT_VERSION = 1;
				DYLIB_INSTALL_NAME_BASE = "@rpath";
				FRAMEWORK_SEARCH_PATHS = "$(PLATFORM_DIR)/Developer/Library/Frameworks";
				FRAMEWORK_VERSION = A;
				INFOPLIST_FILE = ApprovalTests.Swift/Info.plist;
				INSTALL_PATH = "$(LOCAL_LIBRARY_DIR)/Frameworks";
				LD_RUNPATH_SEARCH_PATHS = (
					"$(inherited)",
					"@executable_path/../Frameworks",
					"@loader_path/Frameworks",
				);
				PRODUCT_BUNDLE_IDENTIFIER = "com.ApprovalTests-Swift";
				PRODUCT_NAME = "$(TARGET_NAME:c99extidentifier)";
				SKIP_INSTALL = YES;
				SWIFT_VERSION = 5.0;
			};
			name = Release;
		};
		168C963C216023F9008F354C /* Debug */ = {
			isa = XCBuildConfiguration;
			buildSettings = {
				CODE_SIGN_STYLE = Automatic;
				COMBINE_HIDPI_IMAGES = YES;
				INFOPLIST_FILE = ApprovalTests_SwiftTests/Info.plist;
				LD_RUNPATH_SEARCH_PATHS = (
					"$(inherited)",
					"@executable_path/../Frameworks",
					"@loader_path/../Frameworks",
				);
				PRODUCT_BUNDLE_IDENTIFIER = "com.ApprovalTests-SwiftTests";
				PRODUCT_NAME = "$(TARGET_NAME)";
				SWIFT_VERSION = 5.0;
			};
			name = Debug;
		};
		168C963D216023F9008F354C /* Release */ = {
			isa = XCBuildConfiguration;
			buildSettings = {
				CODE_SIGN_STYLE = Automatic;
				COMBINE_HIDPI_IMAGES = YES;
				INFOPLIST_FILE = ApprovalTests_SwiftTests/Info.plist;
				LD_RUNPATH_SEARCH_PATHS = (
					"$(inherited)",
					"@executable_path/../Frameworks",
					"@loader_path/../Frameworks",
				);
				PRODUCT_BUNDLE_IDENTIFIER = "com.ApprovalTests-SwiftTests";
				PRODUCT_NAME = "$(TARGET_NAME)";
				SWIFT_VERSION = 5.0;
			};
			name = Release;
		};
/* End XCBuildConfiguration section */

/* Begin XCConfigurationList section */
		163E185E217F827400A54A48 /* Build configuration list for PBXNativeTarget "ApprovalTests_iOS" */ = {
			isa = XCConfigurationList;
			buildConfigurations = (
				163E185A217F827400A54A48 /* Debug */,
				163E185B217F827400A54A48 /* Release */,
			);
			defaultConfigurationIsVisible = 0;
			defaultConfigurationName = Release;
		};
		163E185F217F827400A54A48 /* Build configuration list for PBXNativeTarget "ApprovalTests_iOSTests" */ = {
			isa = XCConfigurationList;
			buildConfigurations = (
				163E185C217F827400A54A48 /* Debug */,
				163E185D217F827400A54A48 /* Release */,
			);
			defaultConfigurationIsVisible = 0;
			defaultConfigurationName = Release;
		};
		168C961E216023F8008F354C /* Build configuration list for PBXProject "ApprovalTests.Swift" */ = {
			isa = XCConfigurationList;
			buildConfigurations = (
				168C9636216023F9008F354C /* Debug */,
				168C9637216023F9008F354C /* Release */,
			);
			defaultConfigurationIsVisible = 0;
			defaultConfigurationName = Release;
		};
		168C9638216023F9008F354C /* Build configuration list for PBXNativeTarget "ApprovalTests.Swift" */ = {
			isa = XCConfigurationList;
			buildConfigurations = (
				168C9639216023F9008F354C /* Debug */,
				168C963A216023F9008F354C /* Release */,
			);
			defaultConfigurationIsVisible = 0;
			defaultConfigurationName = Release;
		};
		168C963B216023F9008F354C /* Build configuration list for PBXNativeTarget "ApprovalTests_SwiftTests" */ = {
			isa = XCConfigurationList;
			buildConfigurations = (
				168C963C216023F9008F354C /* Debug */,
				168C963D216023F9008F354C /* Release */,
			);
			defaultConfigurationIsVisible = 0;
			defaultConfigurationName = Release;
		};
/* End XCConfigurationList section */
	};
	rootObject = 168C961B216023F8008F354C /* Project object */;
}
